
Microsoft Visual Studio Solution File, Format Version 12.00
# Visual Studio Version 17
VisualStudioVersion = 17.8.34322.80
MinimumVisualStudioVersion = 10.0.40219.1
Project("{FAE04EC0-301F-11D3-BF4B-00C04F79EFBC}") = "TheBooksApi", "TheBooksApi\TheBooksApi.csproj", "{084C4933-DED5-488B-8D74-4485B4723ACA}"
EndProject
Global
	GlobalSection(SolutionConfigurationPlatforms) = preSolution
		Debug|Any CPU = Debug|Any CPU
		Release|Any CPU = Release|Any CPU
	EndGlobalSection
	GlobalSection(ProjectConfigurationPlatforms) = postSolution
		{084C4933-DED5-488B-8D74-4485B4723ACA}.Debug|Any CPU.ActiveCfg = Debug|Any CPU
		{084C4933-DED5-488B-8D74-4485B4723ACA}.Debug|Any CPU.Build.0 = Debug|Any CPU
		{084C4933-DED5-488B-8D74-4485B4723ACA}.Release|Any CPU.ActiveCfg = Release|Any CPU
		{084C4933-DED5-488B-8D74-4485B4723ACA}.Release|Any CPU.Build.0 = Release|Any CPU
	EndGlobalSection
	GlobalSection(SolutionProperties) = preSolution
		HideSolutionNode = FALSE
	EndGlobalSection
	GlobalSection(ExtensibilityGlobals) = postSolution
		SolutionGuid = {42A2FE44-EEB2-409D-821E-8A26105BDFE5}
	EndGlobalSection
EndGlobal
